dependencies:
  esp_Gamepad:
    component_hash: edf87b90f52e2bef5b6d39525f6222674869648d62053902c1b7892f68e316f5
    dependencies:
    - git: https://github.com/Abhinaya-Restek-UNY/esp_PresistentConfig.git
      name: esp_PresistentConfig
    - name: idf
      version: '>=4.4'
    source:
      git: https://github.com/Abhinaya-Restek-UNY/esp_Gamepad.git
      path: .
      type: git
    version: 50f0fc1b7f48c61b08f9cf99c073fdfcd1bb0ced
  esp_PWMManager:
    component_hash: dc35ed985d7975ab841beb006b71b52b6fcb48ff0724c8cab1653b0a5530fbf0
    dependencies: []
    source:
      git: https://github.com/Abhinaya-Restek-UNY/esp_PWMManager.git
      path: .
      type: git
    version: 1e35fdd8083cfe46693ac2f814f3fdfd714ffb81
  esp_PresistentConfig:
    component_hash: b2746467eb1eac555f8b148804b226ac211c983b9e7c20e7ec3caa2cf085294d
    dependencies: []
    source:
      git: https://github.com/Abhinaya-Restek-UNY/esp_PresistentConfig.git
      path: .
      type: git
    version: d9934dc3c07e498f1e30828c709275eabe277387
  idf:
    source:
      type: idf
    version: 5.5.2
direct_dependencies:
- esp_Gamepad
- esp_PWMManager
- esp_PresistentConfig
- idf
manifest_hash: 28dfd1367ab1125b6d464f64af6699d3f2995291f7b12f7343b4708036e69d07
target: esp32
version: 2.0.0
